// !$*UTF8*$!
{
	archiveVersion = 1;
	classes = {
	};
	objectVersion = 56;
	objects = {

/* Begin PBXBuildFile section */
		9A9F256C2BBA87460001623D /* make_up_appApp.swift in Sources */ = {isa = PBXBuildFile; fileRef = 9A9F256B2BBA87460001623D /* make_up_appApp.swift */; };
		9A9F256E2BBA87460001623D /* ContentView.swift in Sources */ = {isa = PBXBuildFile; fileRef = 9A9F256D2BBA87460001623D /* ContentView.swift */; };
		9A9F25702BBA87480001623D /* Assets.xcassets in Resources */ = {isa = PBXBuildFile; fileRef = 9A9F256F2BBA87480001623D /* Assets.xcassets */; };
		9A9F25732BBA87480001623D /* Preview Assets.xcassets in Resources */ = {isa = PBXBuildFile; fileRef = 9A9F25722BBA87480001623D /* Preview Assets.xcassets */; };
		9A9F257D2BBA87480001623D /* make_up_appTests.swift in Sources */ = {isa = PBXBuildFile; fileRef = 9A9F257C2BBA87480001623D /* make_up_appTests.swift */; };
		9A9F25872BBA87480001623D /* make_up_appUITests.swift in Sources */ = {isa = PBXBuildFile; fileRef = 9A9F25862BBA87480001623D /* make_up_appUITests.swift */; };
		9A9F25892BBA87480001623D /* make_up_appUITestsLaunchTests.swift in Sources */ = {isa = PBXBuildFile; fileRef = 9A9F25882BBA87480001623D /* make_up_appUITestsLaunchTests.swift */; };
		9A9F25982BBA882C0001623D /* make_up_product.swift in Sources */ = {isa = PBXBuildFile; fileRef = 9A9F25972BBA882C0001623D /* make_up_product.swift */; };
		9A9F259E2BBA90930001623D /* makeup_view_model.swift in Sources */ = {isa = PBXBuildFile; fileRef = 9A9F259D2BBA90930001623D /* makeup_view_model.swift */; };
/* End PBXBuildFile section */

/* Begin PBXContainerItemProxy section */
		9A9F25792BBA87480001623D /* PBXContainerItemProxy */ = {
			isa = PBXContainerItemProxy;
			containerPortal = 9A9F25602BBA87460001623D /* Project object */;
			proxyType = 1;
			remoteGlobalIDString = 9A9F25672BBA87460001623D;
			remoteInfo = make_up_app;
		};
		9A9F25832BBA87480001623D /* PBXContainerItemProxy */ = {
			isa = PBXContainerItemProxy;
			containerPortal = 9A9F25602BBA87460001623D /* Project object */;
			proxyType = 1;
			remoteGlobalIDString = 9A9F25672BBA87460001623D;
			remoteInfo = make_up_app;
		};
/* End PBXContainerItemProxy section */

/* Begin PBXFileReference section */
		9A9F25682BBA87460001623D /* make_up_app.app */ = {isa = PBXFileReference; explicitFileType = wrapper.application; includeInIndex = 0; path = make_up_app.app; sourceTree = BUILT_PRODUCTS_DIR; };
		9A9F256B2BBA87460001623D /* make_up_appApp.swift */ = {isa = PBXFileReference; lastKnownFileType = sourcecode.swift; path = make_up_appApp.swift; sourceTree = "<group>"; };
		9A9F256D2BBA87460001623D /* ContentView.swift */ = {isa = PBXFileReference; lastKnownFileType = sourcecode.swift; path = ContentView.swift; sourceTree = "<group>"; };
		9A9F256F2BBA87480001623D /* Assets.xcassets */ = {isa = PBXFileReference; lastKnownFileType = folder.assetcatalog; path = Assets.xcassets; sourceTree = "<group>"; };
		9A9F25722BBA87480001623D /* Preview Assets.xcassets */ = {isa = PBXFileReference; lastKnownFileType = folder.assetcatalog; path = "Preview Assets.xcassets"; sourceTree = "<group>"; };
		9A9F25782BBA87480001623D /* make_up_appTests.xctest */ = {isa = PBXFileReference; explicitFileType = wrapper.cfbundle; includeInIndex = 0; path = make_up_appTests.xctest; sourceTree = BUILT_PRODUCTS_DIR; };
		9A9F257C2BBA87480001623D /* make_up_appTests.swift */ = {isa = PBXFileReference; lastKnownFileType = sourcecode.swift; path = make_up_appTests.swift; sourceTree = "<group>"; };
		9A9F25822BBA87480001623D /* make_up_appUITests.xctest */ = {isa = PBXFileReference; explicitFileType = wrapper.cfbundle; includeInIndex = 0; path = make_up_appUITests.xctest; sourceTree = BUILT_PRODUCTS_DIR; };
		9A9F25862BBA87480001623D /* make_up_appUITests.swift */ = {isa = PBXFileReference; lastKnownFileType = sourcecode.swift; path = make_up_appUITests.swift; sourceTree = "<group>"; };
		9A9F25882BBA87480001623D /* make_up_appUITestsLaunchTests.swift */ = {isa = PBXFileReference; lastKnownFileType = sourcecode.swift; path = make_up_appUITestsLaunchTests.swift; sourceTree = "<group>"; };
		9A9F25972BBA882C0001623D /* make_up_product.swift */ = {isa = PBXFileReference; lastKnownFileType = sourcecode.swift; path = make_up_product.swift; sourceTree = "<group>"; };
		9A9F259D2BBA90930001623D /* makeup_view_model.swift */ = {isa = PBXFileReference; lastKnownFileType = sourcecode.swift; path = makeup_view_model.swift; sourceTree = "<group>"; };
/* End PBXFileReference section */

/* Begin PBXFrameworksBuildPhase section */
		9A9F25652BBA87460001623D /* Frameworks */ = {
			isa = PBXFrameworksBuildPhase;
			buildActionMask = 2147483647;
			files = (
			);
			runOnlyForDeploymentPostprocessing = 0;
		};
		9A9F25752BBA87480001623D /* Frameworks */ = {
			isa = PBXFrameworksBuildPhase;
			buildActionMask = 2147483647;
			files = (
			);
			runOnlyForDeploymentPostprocessing = 0;
		};
		9A9F257F2BBA87480001623D /* Frameworks */ = {
			isa = PBXFrameworksBuildPhase;
			buildActionMask = 2147483647;
			files = (
			);
			runOnlyForDeploymentPostprocessing = 0;
		};
/* End PBXFrameworksBuildPhase section */

/* Begin PBXGroup section */
		9A9F255F2BBA87460001623D = {
			isa = PBXGroup;
			children = (
				9A9F256A2BBA87460001623D /* make_up_app */,
				9A9F257B2BBA87480001623D /* make_up_appTests */,
				9A9F25852BBA87480001623D /* make_up_appUITests */,
				9A9F25692BBA87460001623D /* Products */,
			);
			sourceTree = "<group>";
		};
		9A9F25692BBA87460001623D /* Products */ = {
			isa = PBXGroup;
			children = (
				9A9F25682BBA87460001623D /* make_up_app.app */,
				9A9F25782BBA87480001623D /* make_up_appTests.xctest */,
				9A9F25822BBA87480001623D /* make_up_appUITests.xctest */,
			);
			name = Products;
			sourceTree = "<group>";
		};
		9A9F256A2BBA87460001623D /* make_up_app */ = {
			isa = PBXGroup;
			children = (
				9A9F259C2BBA90630001623D /* view_model */,
				9A9F25962BBA877B0001623D /* view */,
				9A9F25952BBA876B0001623D /* models */,
				9A9F256F2BBA87480001623D /* Assets.xcassets */,
				9A9F25712BBA87480001623D /* Preview Content */,
			);
			path = make_up_app;
			sourceTree = "<group>";
		};
		9A9F25712BBA87480001623D /* Preview Content */ = {
			isa = PBXGroup;
			children = (
				9A9F25722BBA87480001623D /* Preview Assets.xcassets */,
			);
			path = "Preview Content";
			sourceTree = "<group>";
		};
		9A9F257B2BBA87480001623D /* make_up_appTests */ = {
			isa = PBXGroup;
			children = (
				9A9F257C2BBA87480001623D /* make_up_appTests.swift */,
			);
			path = make_up_appTests;
			sourceTree = "<group>";
		};
		9A9F25852BBA87480001623D /* make_up_appUITests */ = {
			isa = PBXGroup;
			children = (
				9A9F25862BBA87480001623D /* make_up_appUITests.swift */,
				9A9F25882BBA87480001623D /* make_up_appUITestsLaunchTests.swift */,
			);
			path = make_up_appUITests;
			sourceTree = "<group>";
		};
		9A9F25952BBA876B0001623D /* models */ = {
			isa = PBXGroup;
			children = (
				9A9F25972BBA882C0001623D /* make_up_product.swift */,
			);
			path = models;
			sourceTree = "<group>";
		};
		9A9F25962BBA877B0001623D /* view */ = {
			isa = PBXGroup;
			children = (
				9A9F256D2BBA87460001623D /* ContentView.swift */,
				9A9F256B2BBA87460001623D /* make_up_appApp.swift */,
			);
			path = view;
			sourceTree = "<group>";
		};
		9A9F259C2BBA90630001623D /* view_model */ = {
			isa = PBXGroup;
			children = (
				9A9F259D2BBA90930001623D /* makeup_view_model.swift */,
			);
			path = view_model;
			sourceTree = "<group>";
		};
/* End PBXGroup section */

/* Begin PBXNativeTarget section */
		9A9F25672BBA87460001623D /* make_up_app */ = {
			isa = PBXNativeTarget;
			buildConfigurationList = 9A9F258C2BBA87480001623D /* Build configuration list for PBXNativeTarget "make_up_app" */;
			buildPhases = (
				9A9F25642BBA87460001623D /* Sources */,
				9A9F25652BBA87460001623D /* Frameworks */,
				9A9F25662BBA87460001623D /* Resources */,
			);
			buildRules = (
			);
			dependencies = (
			);
			name = make_up_app;
			productName = make_up_app;
			productReference = 9A9F25682BBA87460001623D /* make_up_app.app */;
			productType = "com.apple.product-type.application";
		};
		9A9F25772BBA87480001623D /* make_up_appTests */ = {
			isa = PBXNativeTarget;
			buildConfigurationList = 9A9F258F2BBA87480001623D /* Build configuration list for PBXNativeTarget "make_up_appTests" */;
			buildPhases = (
				9A9F25742BBA87480001623D /* Sources */,
				9A9F25752BBA87480001623D /* Frameworks */,
				9A9F25762BBA87480001623D /* Resources */,
			);
			buildRules = (
			);
			dependencies = (
				9A9F257A2BBA87480001623D /* PBXTargetDependency */,
			);
			name = make_up_appTests;
			productName = make_up_appTests;
			productReference = 9A9F25782BBA87480001623D /* make_up_appTests.xctest */;
			productType = "com.apple.product-type.bundle.unit-test";
		};
		9A9F25812BBA87480001623D /* make_up_appUITests */ = {
			isa = PBXNativeTarget;
			buildConfigurationList = 9A9F25922BBA87480001623D /* Build configuration list for PBXNativeTarget "make_up_appUITests" */;
			buildPhases = (
				9A9F257E2BBA87480001623D /* Sources */,
				9A9F257F2BBA87480001623D /* Frameworks */,
				9A9F25802BBA87480001623D /* Resources */,
			);
			buildRules = (
			);
			dependencies = (
				9A9F25842BBA87480001623D /* PBXTargetDependency */,
			);
			name = make_up_appUITests;
			productName = make_up_appUITests;
			productReference = 9A9F25822BBA87480001623D /* make_up_appUITests.xctest */;
			productType = "com.apple.product-type.bundle.ui-testing";
		};
/* End PBXNativeTarget section */

/* Begin PBXProject section */
		9A9F25602BBA87460001623D /* Project object */ = {
			isa = PBXProject;
			attributes = {
				BuildIndependentTargetsInParallel = 1;
				LastSwiftUpdateCheck = 1530;
				LastUpgradeCheck = 1530;
				TargetAttributes = {
					9A9F25672BBA87460001623D = {
						CreatedOnToolsVersion = 15.3;
					};
					9A9F25772BBA87480001623D = {
						CreatedOnToolsVersion = 15.3;
						TestTargetID = 9A9F25672BBA87460001623D;
					};
					9A9F25812BBA87480001623D = {
						CreatedOnToolsVersion = 15.3;
						TestTargetID = 9A9F25672BBA87460001623D;
					};
				};
			};
			buildConfigurationList = 9A9F25632BBA87460001623D /* Build configuration list for PBXProject "make_up_app" */;
			compatibilityVersion = "Xcode 14.0";
			developmentRegion = en;
			hasScannedForEncodings = 0;
			knownRegions = (
				en,
				Base,
			);
			mainGroup = 9A9F255F2BBA87460001623D;
			productRefGroup = 9A9F25692BBA87460001623D /* Products */;
			projectDirPath = "";
			projectRoot = "";
			targets = (
				9A9F25672BBA87460001623D /* make_up_app */,
				9A9F25772BBA87480001623D /* make_up_appTests */,
				9A9F25812BBA87480001623D /* make_up_appUITests */,
			);
		};
/* End PBXProject section */

/* Begin PBXResourcesBuildPhase section */
		9A9F25662BBA87460001623D /* Resources */ = {
			isa = PBXResourcesBuildPhase;
			buildActionMask = 2147483647;
			files = (
				9A9F25732BBA87480001623D /* Preview Assets.xcassets in Resources */,
				9A9F25702BBA87480001623D /* Assets.xcassets in Resources */,
			);
			runOnlyForDeploymentPostprocessing = 0;
		};
		9A9F25762BBA87480001623D /* Resources */ = {
			isa = PBXResourcesBuildPhase;
			buildActionMask = 2147483647;
			files = (
			);
			runOnlyForDeploymentPostprocessing = 0;
		};
		9A9F25802BBA87480001623D /* Resources */ = {
			isa = PBXResourcesBuildPhase;
			buildActionMask = 2147483647;
			files = (
			);
			runOnlyForDeploymentPostprocessing = 0;
		};
/* End PBXResourcesBuildPhase section */

/* Begin PBXSourcesBuildPhase section */
		9A9F25642BBA87460001623D /* Sources */ = {
			isa = PBXSourcesBuildPhase;
			buildActionMask = 2147483647;
			files = (
				9A9F259E2BBA90930001623D /* makeup_view_model.swift in Sources */,
				9A9F256E2BBA87460001623D /* ContentView.swift in Sources */,
				9A9F25982BBA882C0001623D /* make_up_product.swift in Sources */,
				9A9F256C2BBA87460001623D /* make_up_appApp.swift in Sources */,
			);
			runOnlyForDeploymentPostprocessing = 0;
		};
		9A9F25742BBA87480001623D /* Sources */ = {
			isa = PBXSourcesBuildPhase;
			buildActionMask = 2147483647;
			files = (
				9A9F257D2BBA87480001623D /* make_up_appTests.swift in Sources */,
			);
			runOnlyForDeploymentPostprocessing = 0;
		};
		9A9F257E2BBA87480001623D /* Sources */ = {
			isa = PBXSourcesBuildPhase;
			buildActionMask = 2147483647;
			files = (
				9A9F25872BBA87480001623D /* make_up_appUITests.swift in Sources */,
				9A9F25892BBA87480001623D /* make_up_appUITestsLaunchTests.swift in Sources */,
			);
			runOnlyForDeploymentPostprocessing = 0;
		};
/* End PBXSourcesBuildPhase section */

/* Begin PBXTargetDependency section */
		9A9F257A2BBA87480001623D /* PBXTargetDependency */ = {
			isa = PBXTargetDependency;
			target = 9A9F25672BBA87460001623D /* make_up_app */;
			targetProxy = 9A9F25792BBA87480001623D /* PBXContainerItemProxy */;
		};
		9A9F25842BBA87480001623D /* PBXTargetDependency */ = {
			isa = PBXTargetDependency;
			target = 9A9F25672BBA87460001623D /* make_up_app */;
			targetProxy = 9A9F25832BBA87480001623D /* PBXContainerItemProxy */;
		};
/* End PBXTargetDependency section */

/* Begin XCBuildConfiguration section */
		9A9F258A2BBA87480001623D /* Debug */ = {
			isa = XCBuildConfiguration;
			buildSettings = {
				ALWAYS_SEARCH_USER_PATHS = NO;
				ASSETCATALOG_COMPILER_GENERATE_SWIFT_ASSET_SYMBOL_EXTENSIONS = YES;
				CLANG_ANALYZER_NONNULL = YES;
				CLANG_ANALYZER_NUMBER_OBJECT_CONVERSION = YES_AGGRESSIVE;
				CLANG_CXX_LANGUAGE_STANDARD = "gnu++20";
				CLANG_ENABLE_MODULES = YES;
				CLANG_ENABLE_OBJC_ARC = YES;
				CLANG_ENABLE_OBJC_WEAK = YES;
				CLANG_WARN_BLOCK_CAPTURE_AUTORELEASING = YES;
				CLANG_WARN_BOOL_CONVERSION = YES;
				CLANG_WARN_COMMA = YES;
				CLANG_WARN_CONSTANT_CONVERSION = YES;
				CLANG_WARN_DEPRECATED_OBJC_IMPLEMENTATIONS = YES;
				CLANG_WARN_DIRECT_OBJC_ISA_USAGE = YES_ERROR;
				CLANG_WARN_DOCUMENTATION_COMMENTS = YES;
				CLANG_WARN_EMPTY_BODY = YES;
				CLANG_WARN_ENUM_CONVERSION = YES;
				CLANG_WARN_INFINITE_RECURSION = YES;
				CLANG_WARN_INT_CONVERSION = YES;
				CLANG_WARN_NON_LITERAL_NULL_CONVERSION = YES;
				CLANG_WARN_OBJC_IMPLICIT_RETAIN_SELF = YES;
				CLANG_WARN_OBJC_LITERAL_CONVERSION = YES;
				CLANG_WARN_OBJC_ROOT_CLASS = YES_ERROR;
				CLANG_WARN_QUOTED_INCLUDE_IN_FRAMEWORK_HEADER = YES;
				CLANG_WARN_RANGE_LOOP_ANALYSIS = YES;
				CLANG_WARN_STRICT_PROTOTYPES = YES;
				CLANG_WARN_SUSPICIOUS_MOVE = YES;
				CLANG_WARN_UNGUARDED_AVAILABILITY = YES_AGGRESSIVE;
				CLANG_WARN_UNREACHABLE_CODE = YES;
				CLANG_WARN__DUPLICATE_METHOD_MATCH = YES;
				COPY_PHASE_STRIP = NO;
				DEBUG_INFORMATION_FORMAT = dwarf;
				ENABLE_STRICT_OBJC_MSGSEND = YES;
				ENABLE_TESTABILITY = YES;
				ENABLE_USER_SCRIPT_SANDBOXING = YES;
				GCC_C_LANGUAGE_STANDARD = gnu17;
				GCC_DYNAMIC_NO_PIC = NO;
				GCC_NO_COMMON_BLOCKS = YES;
				GCC_OPTIMIZATION_LEVEL = 0;
				GCC_PREPROCESSOR_DEFINITIONS = (
					"DEBUG=1",
					"$(inherited)",
				);
				GCC_WARN_64_TO_32_BIT_CONVERSION = YES;
				GCC_WARN_ABOUT_RETURN_TYPE = YES_ERROR;
				GCC_WARN_UNDECLARED_SELECTOR = YES;
				GCC_WARN_UNINITIALIZED_AUTOS = YES_AGGRESSIVE;
				GCC_WARN_UNUSED_FUNCTION = YES;
				GCC_WARN_UNUSED_VARIABLE = YES;
				IPHONEOS_DEPLOYMENT_TARGET = 17.4;
				LOCALIZATION_PREFERS_STRING_CATALOGS = YES;
				MTL_ENABLE_DEBUG_INFO = INCLUDE_SOURCE;
				MTL_FAST_MATH = YES;
				ONLY_ACTIVE_ARCH = YES;
				SDKROOT = iphoneos;
				SWIFT_ACTIVE_COMPILATION_CONDITIONS = "DEBUG $(inherited)";
				SWIFT_OPTIMIZATION_LEVEL = "-Onone";
			};
			name = Debug;
		};
		9A9F258B2BBA87480001623D /* Release */ = {
			isa = XCBuildConfiguration;
			buildSettings = {
				ALWAYS_SEARCH_USER_PATHS = NO;
				ASSETCATALOG_COMPILER_GENERATE_SWIFT_ASSET_SYMBOL_EXTENSIONS = YES;
				CLANG_ANALYZER_NONNULL = YES;
				CLANG_ANALYZER_NUMBER_OBJECT_CONVERSION = YES_AGGRESSIVE;
				CLANG_CXX_LANGUAGE_STANDARD = "gnu++20";
				CLANG_ENABLE_MODULES = YES;
				CLANG_ENABLE_OBJC_ARC = YES;
				CLANG_ENABLE_OBJC_WEAK = YES;
				CLANG_WARN_BLOCK_CAPTURE_AUTORELEASING = YES;
				CLANG_WARN_BOOL_CONVERSION = YES;
				CLANG_WARN_COMMA = YES;
				CLANG_WARN_CONSTANT_CONVERSION = YES;
				CLANG_WARN_DEPRECATED_OBJC_IMPLEMENTATIONS = YES;
				CLANG_WARN_DIRECT_OBJC_ISA_USAGE = YES_ERROR;
				CLANG_WARN_DOCUMENTATION_COMMENTS = YES;
				CLANG_WARN_EMPTY_BODY = YES;
				CLANG_WARN_ENUM_CONVERSION = YES;
				CLANG_WARN_INFINITE_RECURSION = YES;
				CLANG_WARN_INT_CONVERSION = YES;
				CLANG_WARN_NON_LITERAL_NULL_CONVERSION = YES;
				CLANG_WARN_OBJC_IMPLICIT_RETAIN_SELF = YES;
				CLANG_WARN_OBJC_LITERAL_CONVERSION = YES;
				CLANG_WARN_OBJC_ROOT_CLASS = YES_ERROR;
				CLANG_WARN_QUOTED_INCLUDE_IN_FRAMEWORK_HEADER = YES;
				CLANG_WARN_RANGE_LOOP_ANALYSIS = YES;
				CLANG_WARN_STRICT_PROTOTYPES = YES;
				CLANG_WARN_SUSPICIOUS_MOVE = YES;
				CLANG_WARN_UNGUARDED_AVAILABILITY = YES_AGGRESSIVE;
				CLANG_WARN_UNREACHABLE_CODE = YES;
				CLANG_WARN__DUPLICATE_METHOD_MATCH = YES;
				COPY_PHASE_STRIP = NO;
				DEBUG_INFORMATION_FORMAT = "dwarf-with-dsym";
				ENABLE_NS_ASSERTIONS = NO;
				ENABLE_STRICT_OBJC_MSGSEND = YES;
				ENABLE_USER_SCRIPT_SANDBOXING = YES;
				GCC_C_LANGUAGE_STANDARD = gnu17;
				GCC_NO_COMMON_BLOCKS = YES;
				GCC_WARN_64_TO_32_BIT_CONVERSION = YES;
				GCC_WARN_ABOUT_RETURN_TYPE = YES_ERROR;
				GCC_WARN_UNDECLARED_SELECTOR = YES;
				GCC_WARN_UNINITIALIZED_AUTOS = YES_AGGRESSIVE;
				GCC_WARN_UNUSED_FUNCTION = YES;
				GCC_WARN_UNUSED_VARIABLE = YES;
				IPHONEOS_DEPLOYMENT_TARGET = 17.4;
				LOCALIZATION_PREFERS_STRING_CATALOGS = YES;
				MTL_ENABLE_DEBUG_INFO = NO;
				MTL_FAST_MATH = YES;
				SDKROOT = iphoneos;
				SWIFT_COMPILATION_MODE = wholemodule;
				VALIDATE_PRODUCT = YES;
			};
			name = Release;
		};
		9A9F258D2BBA87480001623D /* Debug */ = {
			isa = XCBuildConfiguration;
			buildSettings = {
				ASSETCATALOG_COMPILER_APPICON_NAME = AppIcon;
				ASSETCATALOG_COMPILER_GLOBAL_ACCENT_COLOR_NAME = AccentColor;
				CODE_SIGN_STYLE = Automatic;
				CURRENT_PROJECT_VERSION = 1;
				DEVELOPMENT_ASSET_PATHS = "\"make_up_app/Preview Content\"";
				DEVELOPMENT_TEAM = 8GJTYJU2VK;
				ENABLE_PREVIEWS = YES;
				GENERATE_INFOPLIST_FILE = YES;
				INFOPLIST_KEY_UIApplicationSceneManifest_Generation = YES;
				INFOPLIST_KEY_UIApplicationSupportsIndirectInputEvents = YES;
				INFOPLIST_KEY_UILaunchScreen_Generation = YES;
				INFOPLIST_KEY_UISupportedInterfaceOrientations_iPad = "UIInterfaceOrientationPortrait UIInterfaceOrientationPortraitUpsideDown UIInterfaceOrientationLandscapeLeft UIInterfaceOrientationLandscapeRight";
				INFOPLIST_KEY_UISupportedInterfaceOrientations_iPhone = "UIInterfaceOrientationPortrait UIInterfaceOrientationLandscapeLeft UIInterfaceOrientationLandscapeRight";
				LD_RUNPATH_SEARCH_PATHS = (
					"$(inherited)",
					"@executable_path/Frameworks",
				);
				MARKETING_VERSION = 1.0;
				PRODUCT_BUNDLE_IDENTIFIER = "abin.make-up-app";
				PRODUCT_NAME = "$(TARGET_NAME)";
				SWIFT_EMIT_LOC_STRINGS = YES;
				SWIFT_VERSION = 5.0;
				TARGETED_DEVICE_FAMILY = "1,2";
			};
			name = Debug;
		};
		9A9F258E2BBA87480001623D /* Release */ = {
			isa = XCBuildConfiguration;
			buildSettings = {
				ASSETCATALOG_COMPILER_APPICON_NAME = AppIcon;
				ASSETCATALOG_COMPILER_GLOBAL_ACCENT_COLOR_NAME = AccentColor;
				CODE_SIGN_STYLE = Automatic;
				CURRENT_PROJECT_VERSION = 1;
				DEVELOPMENT_ASSET_PATHS = "\"make_up_app/Preview Content\"";
				DEVELOPMENT_TEAM = 8GJTYJU2VK;
				ENABLE_PREVIEWS = YES;
				GENERATE_INFOPLIST_FILE = YES;
				INFOPLIST_KEY_UIApplicationSceneManifest_Generation = YES;
				INFOPLIST_KEY_UIApplicationSupportsIndirectInputEvents = YES;
				INFOPLIST_KEY_UILaunchScreen_Generation = YES;
				INFOPLIST_KEY_UISupportedInterfaceOrientations_iPad = "UIInterfaceOrientationPortrait UIInterfaceOrientationPortraitUpsideDown UIInterfaceOrientationLandscapeLeft UIInterfaceOrientationLandscapeRight";
				INFOPLIST_KEY_UISupportedInterfaceOrientations_iPhone = "UIInterfaceOrientationPortrait UIInterfaceOrientationLandscapeLeft UIInterfaceOrientationLandscapeRight";
				LD_RUNPATH_SEARCH_PATHS = (
					"$(inherited)",
					"@executable_path/Frameworks",
				);
				MARKETING_VERSION = 1.0;
				PRODUCT_BUNDLE_IDENTIFIER = "abin.make-up-app";
				PRODUCT_NAME = "$(TARGET_NAME)";
				SWIFT_EMIT_LOC_STRINGS = YES;
				SWIFT_VERSION = 5.0;
				TARGETED_DEVICE_FAMILY = "1,2";
			};
			name = Release;
		};
		9A9F25902BBA87480001623D /* Debug */ = {
			isa = XCBuildConfiguration;
			buildSettings = {
				ALWAYS_EMBED_SWIFT_STANDARD_LIBRARIES = YES;
				BUNDLE_LOADER = "$(TEST_HOST)";
				CODE_SIGN_STYLE = Automatic;
				CURRENT_PROJECT_VERSION = 1;
				DEVELOPMENT_TEAM = 8GJTYJU2VK;
				GENERATE_INFOPLIST_FILE = YES;
				IPHONEOS_DEPLOYMENT_TARGET = 17.4;
				MARKETING_VERSION = 1.0;
				PRODUCT_BUNDLE_IDENTIFIER = "abin.make-up-appTests";
				PRODUCT_NAME = "$(TARGET_NAME)";
				SWIFT_EMIT_LOC_STRINGS = NO;
				SWIFT_VERSION = 5.0;
				TARGETED_DEVICE_FAMILY = "1,2";
				TEST_HOST = "$(BUILT_PRODUCTS_DIR)/make_up_app.app/$(BUNDLE_EXECUTABLE_FOLDER_PATH)/make_up_app";
			};
			name = Debug;
		};
		9A9F25912BBA87480001623D /* Release */ = {
			isa = XCBuildConfiguration;
			buildSettings = {
				ALWAYS_EMBED_SWIFT_STANDARD_LIBRARIES = YES;
				BUNDLE_LOADER = "$(TEST_HOST)";
				CODE_SIGN_STYLE = Automatic;
				CURRENT_PROJECT_VERSION = 1;
				DEVELOPMENT_TEAM = 8GJTYJU2VK;
				GENERATE_INFOPLIST_FILE = YES;
				IPHONEOS_DEPLOYMENT_TARGET = 17.4;
				MARKETING_VERSION = 1.0;
				PRODUCT_BUNDLE_IDENTIFIER = "abin.make-up-appTests";
				PRODUCT_NAME = "$(TARGET_NAME)";
				SWIFT_EMIT_LOC_STRINGS = NO;
				SWIFT_VERSION = 5.0;
				TARGETED_DEVICE_FAMILY = "1,2";
				TEST_HOST = "$(BUILT_PRODUCTS_DIR)/make_up_app.app/$(BUNDLE_EXECUTABLE_FOLDER_PATH)/make_up_app";
			};
			name = Release;
		};
		9A9F25932BBA87480001623D /* Debug */ = {
			isa = XCBuildConfiguration;
			buildSettings = {
				ALWAYS_EMBED_SWIFT_STANDARD_LIBRARIES = YES;
				CODE_SIGN_STYLE = Automatic;
				CURRENT_PROJECT_VERSION = 1;
				DEVELOPMENT_TEAM = 8GJTYJU2VK;
				GENERATE_INFOPLIST_FILE = YES;
				MARKETING_VERSION = 1.0;
				PRODUCT_BUNDLE_IDENTIFIER = "abin.make-up-appUITests";
				PRODUCT_NAME = "$(TARGET_NAME)";
				SWIFT_EMIT_LOC_STRINGS = NO;
				SWIFT_VERSION = 5.0;
				TARGETED_DEVICE_FAMILY = "1,2";
				TEST_TARGET_NAME = make_up_app;
			};
			name = Debug;
		};
		9A9F25942BBA87480001623D /* Release */ = {
			isa = XCBuildConfiguration;
			buildSettings = {
				ALWAYS_EMBED_SWIFT_STANDARD_LIBRARIES = YES;
				CODE_SIGN_STYLE = Automatic;
				CURRENT_PROJECT_VERSION = 1;
				DEVELOPMENT_TEAM = 8GJTYJU2VK;
				GENERATE_INFOPLIST_FILE = YES;
				MARKETING_VERSION = 1.0;
				PRODUCT_BUNDLE_IDENTIFIER = "abin.make-up-appUITests";
				PRODUCT_NAME = "$(TARGET_NAME)";
				SWIFT_EMIT_LOC_STRINGS = NO;
				SWIFT_VERSION = 5.0;
				TARGETED_DEVICE_FAMILY = "1,2";
				TEST_TARGET_NAME = make_up_app;
			};
			name = Release;
		};
/* End XCBuildConfiguration section */

/* Begin XCConfigurationList section */
		9A9F25632BBA87460001623D /* Build configuration list for PBXProject "make_up_app" */ = {
			isa = XCConfigurationList;
			buildConfigurations = (
				9A9F258A2BBA87480001623D /* Debug */,
				9A9F258B2BBA87480001623D /* Release */,
			);
			defaultConfigurationIsVisible = 0;
			defaultConfigurationName = Release;
		};
		9A9F258C2BBA87480001623D /* Build configuration list for PBXNativeTarget "make_up_app" */ = {
			isa = XCConfigurationList;
			buildConfigurations = (
				9A9F258D2BBA87480001623D /* Debug */,
				9A9F258E2BBA87480001623D /* Release */,
			);
			defaultConfigurationIsVisible = 0;
			defaultConfigurationName = Release;
		};
		9A9F258F2BBA87480001623D /* Build configuration list for PBXNativeTarget "make_up_appTests" */ = {
			isa = XCConfigurationList;
			buildConfigurations = (
				9A9F25902BBA87480001623D /* Debug */,
				9A9F25912BBA87480001623D /* Release */,
			);
			defaultConfigurationIsVisible = 0;
			defaultConfigurationName = Release;
		};
		9A9F25922BBA87480001623D /* Build configuration list for PBXNativeTarget "make_up_appUITests" */ = {
			isa = XCConfigurationList;
			buildConfigurations = (
				9A9F25932BBA87480001623D /* Debug */,
				9A9F25942BBA87480001623D /* Release */,
			);
			defaultConfigurationIsVisible = 0;
			defaultConfigurationName = Release;
		};
/* End XCConfigurationList section */
	};
	rootObject = 9A9F25602BBA87460001623D /* Project object */;
}
